
Microsoft Visual Studio Solution File, Format Version 12.00
# Visual Studio Version 17
VisualStudioVersion = 17.9.34723.18
MinimumVisualStudioVersion = 10.0.40219.1
Project("{9A19103F-16F7-4668-BE54-9A1E7A4F7556}") = "G2DataGUI", "src\G2DataGUI\G2DataGUI.csproj", "{66CBD72B-A7D4-41D0-8047-FF1BF2494ADD}"
EndProject
Project("{2150E333-8FDC-42A3-9474-1A3956D46DE8}") = "Solution Items", "Solution Items", "{3E908313-7086-4108-BC01-8E32A45ADD55}"
	ProjectSection(SolutionItems) = preProject
		.editorconfig = .editorconfig
		.gitignore = .gitignore
		Directory.Packages.props = Directory.Packages.props
		nuget.config = nuget.config
	EndProjectSection
EndProject
Project("{9A19103F-16F7-4668-BE54-9A1E7A4F7556}") = "G2DataGUI.Common", "src\G2DataGUI.Common\G2DataGUI.Common.csproj", "{767EC699-F7D9-4A2E-A575-366FF03C3E73}"
EndProject
Project("{9A19103F-16F7-4668-BE54-9A1E7A4F7556}") = "G2DataGUI.LocaleGenerator", "src\G2DataGUI.LocaleGenerator\G2DataGUI.LocaleGenerator.csproj", "{80075791-1793-4FF1-9DBE-C3139FDFC37A}"
EndProject
Project("{9A19103F-16F7-4668-BE54-9A1E7A4F7556}") = "G2DataGUI.IO", "src\G2DataGUI.IO\G2DataGUI.IO.csproj", "{E77B5304-6B83-4008-8225-F3A0F488AAB7}"
EndProject
Project("{9A19103F-16F7-4668-BE54-9A1E7A4F7556}") = "G2DataGUI.UI.Common", "src\G2DataGUI.UI.Common\G2DataGUI.UI.Common.csproj", "{EEFFACF8-834C-4962-9155-371FE6EB6CAC}"
EndProject
Project("{2150E333-8FDC-42A3-9474-1A3956D46DE8}") = "Workflows", "Workflows", "{AAA5FFE9-6210-4F04-9909-FDADF53A3532}"
	ProjectSection(SolutionItems) = preProject
		.github\workflows\build.yml = .github\workflows\build.yml
		.github\workflows\release.yml = .github\workflows\release.yml
	EndProjectSection
EndProject
Project("{9A19103F-16F7-4668-BE54-9A1E7A4F7556}") = "G2DataGUI.UI", "src\G2DataGUI.UI\G2DataGUI.UI.csproj", "{4A3F91FE-57CF-4FBC-BC4F-2F91B8FFB79F}"
EndProject
Project("{FAE04EC0-301F-11D3-BF4B-00C04F79EFBC}") = "G2DataGUI.Events", "src\G2DataGUI.Events\G2DataGUI.Events.csproj", "{5909C027-FF81-405C-82AA-1E2ABB999D9E}"
EndProject
Global
	GlobalSection(SolutionConfigurationPlatforms) = preSolution
		Debug|Any CPU = Debug|Any CPU
		Release|Any CPU = Release|Any CPU
	EndGlobalSection
	GlobalSection(ProjectConfigurationPlatforms) = postSolution
		{66CBD72B-A7D4-41D0-8047-FF1BF2494ADD}.Debug|Any CPU.ActiveCfg = Debug|Any CPU
		{66CBD72B-A7D4-41D0-8047-FF1BF2494ADD}.Debug|Any CPU.Build.0 = Debug|Any CPU
		{66CBD72B-A7D4-41D0-8047-FF1BF2494ADD}.Release|Any CPU.ActiveCfg = Release|Any CPU
		{66CBD72B-A7D4-41D0-8047-FF1BF2494ADD}.Release|Any CPU.Build.0 = Release|Any CPU
		{767EC699-F7D9-4A2E-A575-366FF03C3E73}.Debug|Any CPU.ActiveCfg = Debug|Any CPU
		{767EC699-F7D9-4A2E-A575-366FF03C3E73}.Debug|Any CPU.Build.0 = Debug|Any CPU
		{767EC699-F7D9-4A2E-A575-366FF03C3E73}.Release|Any CPU.ActiveCfg = Release|Any CPU
		{767EC699-F7D9-4A2E-A575-366FF03C3E73}.Release|Any CPU.Build.0 = Release|Any CPU
		{80075791-1793-4FF1-9DBE-C3139FDFC37A}.Debug|Any CPU.ActiveCfg = Debug|Any CPU
		{80075791-1793-4FF1-9DBE-C3139FDFC37A}.Debug|Any CPU.Build.0 = Debug|Any CPU
		{80075791-1793-4FF1-9DBE-C3139FDFC37A}.Release|Any CPU.ActiveCfg = Release|Any CPU
		{80075791-1793-4FF1-9DBE-C3139FDFC37A}.Release|Any CPU.Build.0 = Release|Any CPU
		{E77B5304-6B83-4008-8225-F3A0F488AAB7}.Debug|Any CPU.ActiveCfg = Debug|Any CPU
		{E77B5304-6B83-4008-8225-F3A0F488AAB7}.Debug|Any CPU.Build.0 = Debug|Any CPU
		{E77B5304-6B83-4008-8225-F3A0F488AAB7}.Release|Any CPU.ActiveCfg = Release|Any CPU
		{E77B5304-6B83-4008-8225-F3A0F488AAB7}.Release|Any CPU.Build.0 = Release|Any CPU
		{EEFFACF8-834C-4962-9155-371FE6EB6CAC}.Debug|Any CPU.ActiveCfg = Debug|Any CPU
		{EEFFACF8-834C-4962-9155-371FE6EB6CAC}.Debug|Any CPU.Build.0 = Debug|Any CPU
		{EEFFACF8-834C-4962-9155-371FE6EB6CAC}.Release|Any CPU.ActiveCfg = Release|Any CPU
		{EEFFACF8-834C-4962-9155-371FE6EB6CAC}.Release|Any CPU.Build.0 = Release|Any CPU
		{4A3F91FE-57CF-4FBC-BC4F-2F91B8FFB79F}.Debug|Any CPU.ActiveCfg = Debug|Any CPU
		{4A3F91FE-57CF-4FBC-BC4F-2F91B8FFB79F}.Debug|Any CPU.Build.0 = Debug|Any CPU
		{4A3F91FE-57CF-4FBC-BC4F-2F91B8FFB79F}.Release|Any CPU.ActiveCfg = Release|Any CPU
		{4A3F91FE-57CF-4FBC-BC4F-2F91B8FFB79F}.Release|Any CPU.Build.0 = Release|Any CPU
		{5909C027-FF81-405C-82AA-1E2ABB999D9E}.Debug|Any CPU.ActiveCfg = Debug|Any CPU
		{5909C027-FF81-405C-82AA-1E2ABB999D9E}.Debug|Any CPU.Build.0 = Debug|Any CPU
		{5909C027-FF81-405C-82AA-1E2ABB999D9E}.Release|Any CPU.ActiveCfg = Release|Any CPU
		{5909C027-FF81-405C-82AA-1E2ABB999D9E}.Release|Any CPU.Build.0 = Release|Any CPU
	EndGlobalSection
	GlobalSection(SolutionProperties) = preSolution
		HideSolutionNode = FALSE
	EndGlobalSection
	GlobalSection(ExtensibilityGlobals) = postSolution
		SolutionGuid = {DC67D5BC-3139-438D-9403-C29BB26D067A}
	EndGlobalSection
EndGlobal
