<?xml version="1.0" encoding="utf-8"?>
<Project ToolsVersion="4.0" xmlns="http://schemas.microsoft.com/developer/msbuild/2003">
  <ItemGroup>
    <Filter Include="Source Files">
      <UniqueIdentifier>{4FC737F1-C7A5-4376-A066-2A32D752A2FF}</UniqueIdentifier>
      <Extensions>cpp;c;cc;cxx;c++;cppm;ixx;def;odl;idl;hpj;bat;asm;asmx</Extensions>
    </Filter>
    <Filter Include="Header Files">
      <UniqueIdentifier>{93995380-89BD-4b04-88EB-625FBE52EBFB}</UniqueIdentifier>
      <Extensions>h;hh;hpp;hxx;h++;hm;inl;inc;ipp;xsd</Extensions>
    </Filter>
    <Filter Include="Resource Files">
      <UniqueIdentifier>{67DA6AB6-F800-4c08-8B7A-83BB121AAD01}</UniqueIdentifier>
      <Extensions>rc;ico;cur;bmp;dlg;rc2;rct;bin;rgs;gif;jpg;jpeg;jpe;resx;tiff;tif;png;wav;mfcribbon-ms</Extensions>
    </Filter>
    <Filter Include="imgui">
      <UniqueIdentifier>{d4353f09-fee3-45f2-9d4c-5cf7af574787}</UniqueIdentifier>
    </Filter>
    <Filter Include="docs">
      <UniqueIdentifier>{4d5bdad7-9915-494a-9f45-0d1eb7f3c15c}</UniqueIdentifier>
    </Filter>
    <Filter Include="docs\experimental">
      <UniqueIdentifier>{a752ae3c-64bd-4167-8e2b-b27ec8edf753}</UniqueIdentifier>
    </Filter>
    <Filter Include="common">
      <UniqueIdentifier>{2c39e753-1663-49e3-92f6-fea8e54500b8}</UniqueIdentifier>
    </Filter>
  </ItemGroup>
  <ItemGroup>
    <ClCompile Include="..\..\src\main.cpp">
      <Filter>Source Files</Filter>
    </ClCompile>
    <ClCompile Include="..\..\libs\imgui\imgui.cpp">
      <Filter>imgui</Filter>
    </ClCompile>
    <ClCompile Include="..\..\libs\imgui\imgui_draw.cpp">
      <Filter>imgui</Filter>
    </ClCompile>
    <ClCompile Include="..\..\libs\imgui\imgui_tables.cpp">
      <Filter>imgui</Filter>
    </ClCompile>
    <ClCompile Include="..\..\libs\imgui\imgui_widgets.cpp">
      <Filter>imgui</Filter>
    </ClCompile>
    <ClCompile Include="..\..\libs\imgui\backends\imgui_impl_dx12.cpp">
      <Filter>imgui</Filter>
    </ClCompile>
    <ClCompile Include="..\..\libs\imgui\backends\imgui_impl_win32.cpp">
      <Filter>imgui</Filter>
    </ClCompile>
    <ClCompile Include="..\..\src\MovesClass.cpp">
      <Filter>Source Files</Filter>
    </ClCompile>
    <ClCompile Include="..\..\src\common\string_manip.cpp">
      <Filter>common</Filter>
    </ClCompile>
    <ClCompile Include="..\..\src\SkillsClass.cpp">
      <Filter>Source Files</Filter>
    </ClCompile>
    <ClCompile Include="..\..\src\ManaEggsClass.cpp">
      <Filter>Source Files</Filter>
    </ClCompile>
    <ClCompile Include="..\..\src\SkillBooksClass.cpp">
      <Filter>Source Files</Filter>
    </ClCompile>
    <ClCompile Include="..\..\src\StartStatsClass.cpp">
      <Filter>Source Files</Filter>
    </ClCompile>
    <ClCompile Include="..\..\src\SpecialsClass.cpp">
      <Filter>Source Files</Filter>
    </ClCompile>
    <ClCompile Include="..\..\src\ItemsClass.cpp">
      <Filter>Source Files</Filter>
    </ClCompile>
    <ClCompile Include="..\..\src\common\copypaste_obj.cpp">
      <Filter>common</Filter>
    </ClCompile>
    <ClCompile Include="..\..\src\EnemiesClass.cpp">
      <Filter>Source Files</Filter>
    </ClCompile>
    <ClCompile Include="..\..\src\ImGuiInstance.cpp">
      <Filter>Source Files</Filter>
    </ClCompile>
    <ClCompile Include="..\..\src\MdtsClass.cpp">
      <Filter>Source Files</Filter>
    </ClCompile>
    <ClCompile Include="..\..\src\ModelClass.cpp">
      <Filter>Source Files</Filter>
    </ClCompile>
    <ClCompile Include="..\..\src\LevelupsClass.cpp">
      <Filter>Source Files</Filter>
    </ClCompile>
    <ClCompile Include="..\..\src\BossesClass.cpp">
      <Filter>Source Files</Filter>
    </ClCompile>
  </ItemGroup>
  <ItemGroup>
    <ClInclude Include="..\..\libs\imgui\imconfig.h">
      <Filter>imgui</Filter>
    </ClInclude>
    <ClInclude Include="..\..\libs\imgui\imgui.h">
      <Filter>imgui</Filter>
    </ClInclude>
    <ClInclude Include="..\..\libs\imgui\imgui_internal.h">
      <Filter>imgui</Filter>
    </ClInclude>
    <ClInclude Include="..\..\libs\imgui\imstb_rectpack.h">
      <Filter>imgui</Filter>
    </ClInclude>
    <ClInclude Include="..\..\libs\imgui\imstb_textedit.h">
      <Filter>imgui</Filter>
    </ClInclude>
    <ClInclude Include="..\..\libs\imgui\imstb_truetype.h">
      <Filter>imgui</Filter>
    </ClInclude>
    <ClInclude Include="..\..\libs\imgui\backends\imgui_impl_dx12.h">
      <Filter>imgui</Filter>
    </ClInclude>
    <ClInclude Include="..\..\libs\imgui\backends\imgui_impl_win32.h">
      <Filter>imgui</Filter>
    </ClInclude>
    <ClInclude Include="resource.h">
      <Filter>Header Files</Filter>
    </ClInclude>
    <ClInclude Include="..\..\src\include\SkillsClass.h">
      <Filter>Header Files</Filter>
    </ClInclude>
    <ClInclude Include="..\..\src\include\BaseDataClass.h">
      <Filter>Header Files</Filter>
    </ClInclude>
    <ClInclude Include="..\..\src\include\SkillBooksClass.h">
      <Filter>Header Files</Filter>
    </ClInclude>
    <ClInclude Include="..\..\src\include\MovesClass.h">
      <Filter>Header Files</Filter>
    </ClInclude>
    <ClInclude Include="..\..\src\include\ManaEggsClass.h">
      <Filter>Header Files</Filter>
    </ClInclude>
    <ClInclude Include="..\..\src\include\StartStatsClass.h">
      <Filter>Header Files</Filter>
    </ClInclude>
    <ClInclude Include="..\..\src\include\SpecialsClass.h">
      <Filter>Header Files</Filter>
    </ClInclude>
    <ClInclude Include="..\..\src\include\ItemsClass.h">
      <Filter>Header Files</Filter>
    </ClInclude>
    <ClInclude Include="..\..\src\include\common\char_constants.h">
      <Filter>common</Filter>
    </ClInclude>
    <ClInclude Include="..\..\src\include\common\copypaste_obj.h">
      <Filter>common</Filter>
    </ClInclude>
    <ClInclude Include="..\..\src\include\common\io_util.h">
      <Filter>common</Filter>
    </ClInclude>
    <ClInclude Include="..\..\src\include\common\string_manip.h">
      <Filter>common</Filter>
    </ClInclude>
    <ClInclude Include="..\..\src\include\EnemiesClass.h">
      <Filter>Header Files</Filter>
    </ClInclude>
    <ClInclude Include="..\..\src\include\ImGuiInstance.h">
      <Filter>Header Files</Filter>
    </ClInclude>
    <ClInclude Include="..\..\src\include\MdtsClass.h">
      <Filter>Header Files</Filter>
    </ClInclude>
    <ClInclude Include="..\..\src\include\ModelClass.h">
      <Filter>Header Files</Filter>
    </ClInclude>
    <ClInclude Include="..\..\src\include\LevelupsClass.h">
      <Filter>Header Files</Filter>
    </ClInclude>
    <ClInclude Include="..\..\src\include\common\version_check.h">
      <Filter>common</Filter>
    </ClInclude>
    <ClInclude Include="..\..\src\include\BossesClass.h">
      <Filter>Header Files</Filter>
    </ClInclude>
    <ClInclude Include="..\..\src\include\JsonDefinitions.h">
      <Filter>Header Files</Filter>
    </ClInclude>
  </ItemGroup>
  <ItemGroup>
    <ResourceCompile Include="G2DataGUI.rc">
      <Filter>Resource Files</Filter>
    </ResourceCompile>
  </ItemGroup>
  <ItemGroup>
    <Image Include="g2.ico">
      <Filter>Resource Files</Filter>
    </Image>
  </ItemGroup>
  <ItemGroup>
    <Text Include="..\..\docs\TB_SPCL_data.txt">
      <Filter>docs</Filter>
    </Text>
    <Text Include="..\..\docs\Data File Details.txt">
      <Filter>docs</Filter>
    </Text>
    <Text Include="..\..\docs\enemy_hard_compare.txt">
      <Filter>docs</Filter>
    </Text>
    <Text Include="..\..\docs\enemy_hard_normal_compare.txt">
      <Filter>docs</Filter>
    </Text>
    <Text Include="..\..\docs\enemycompare.txt">
      <Filter>docs</Filter>
    </Text>
    <Text Include="..\..\docs\eskills.txt">
      <Filter>docs</Filter>
    </Text>
    <Text Include="..\..\docs\ITEM_data.txt">
      <Filter>docs</Filter>
    </Text>
    <Text Include="..\..\docs\MapNames.txt">
      <Filter>docs</Filter>
    </Text>
    <Text Include="..\..\docs\MS_PARAM_data.txt">
      <Filter>docs</Filter>
    </Text>
    <Text Include="..\..\docs\nme list.txt">
      <Filter>docs</Filter>
    </Text>
    <Text Include="..\..\docs\PC_INIT_data.txt">
      <Filter>docs</Filter>
    </Text>
    <Text Include="..\..\docs\SK_PARAM_data.txt">
      <Filter>docs</Filter>
    </Text>
    <Text Include="..\..\docs\Special_Effects.txt">
      <Filter>docs</Filter>
    </Text>
    <Text Include="..\..\docs\TB_LVUP_data.txt">
      <Filter>docs</Filter>
    </Text>
    <Text Include="..\..\docs\TB_MAGIC_data.txt">
      <Filter>docs</Filter>
    </Text>
    <Text Include="..\..\docs\TB_SKILL_data.txt">
      <Filter>docs</Filter>
    </Text>
    <Text Include="..\..\docs\experimental\HTA_Map_transitions.txt">
      <Filter>docs\experimental</Filter>
    </Text>
    <Text Include="..\..\docs\experimental\MCS_data.txt">
      <Filter>docs\experimental</Filter>
    </Text>
    <Text Include="..\..\docs\experimental\script_data.txt">
      <Filter>docs\experimental</Filter>
    </Text>
  </ItemGroup>
  <ItemGroup>
    <None Include="..\..\docs\boss_hard.csv">
      <Filter>docs</Filter>
    </None>
    <None Include="..\..\docs\boss_normal.csv">
      <Filter>docs</Filter>
    </None>
    <None Include="..\..\docs\enemy_hard.csv">
      <Filter>docs</Filter>
    </None>
    <None Include="..\..\docs\enemy_normal.csv">
      <Filter>docs</Filter>
    </None>
  </ItemGroup>
</Project>