<?xml version="1.0" encoding="utf-8"?>
<Project ToolsVersion="4.0" xmlns="http://schemas.microsoft.com/developer/msbuild/2003">
  <ItemGroup>
    <Filter Include="Resource Files">
      <UniqueIdentifier>{67DA6AB6-F800-4c08-8B7A-83BB121AAD01}</UniqueIdentifier>
      <Extensions>rc;ico;cur;bmp;dlg;rc2;rct;bin;rgs;gif;jpg;jpeg;jpe;resx;tiff;tif;png;wav;mfcribbon-ms</Extensions>
    </Filter>
    <Filter Include="imgui">
      <UniqueIdentifier>{d4353f09-fee3-45f2-9d4c-5cf7af574787}</UniqueIdentifier>
    </Filter>
    <Filter Include="docs">
      <UniqueIdentifier>{4d5bdad7-9915-494a-9f45-0d1eb7f3c15c}</UniqueIdentifier>
    </Filter>
    <Filter Include="docs\experimental">
      <UniqueIdentifier>{a752ae3c-64bd-4167-8e2b-b27ec8edf753}</UniqueIdentifier>
    </Filter>
    <Filter Include="common">
      <UniqueIdentifier>{2c39e753-1663-49e3-92f6-fea8e54500b8}</UniqueIdentifier>
    </Filter>
    <Filter Include="stats">
      <UniqueIdentifier>{41fe1a33-4748-4abb-9011-5aac67af241b}</UniqueIdentifier>
    </Filter>
    <Filter Include="enemies">
      <UniqueIdentifier>{2076ef95-013a-45ea-bd78-8ade013c43d7}</UniqueIdentifier>
    </Filter>
    <Filter Include="skills">
      <UniqueIdentifier>{e3dc59d2-98ed-43ca-8056-1ae6a1a73303}</UniqueIdentifier>
    </Filter>
    <Filter Include="moves">
      <UniqueIdentifier>{9c6e280d-77a7-43e3-8270-b0a6ec2c5cbc}</UniqueIdentifier>
    </Filter>
    <Filter Include="maps">
      <UniqueIdentifier>{c6332735-490b-43a2-9227-b67e67081a0d}</UniqueIdentifier>
    </Filter>
    <Filter Include="levelups">
      <UniqueIdentifier>{13eff0e0-d273-42e3-8699-813a066c83b0}</UniqueIdentifier>
    </Filter>
    <Filter Include="items">
      <UniqueIdentifier>{e9f978b5-38b1-469f-8494-687f17315bc5}</UniqueIdentifier>
    </Filter>
    <Filter Include="bosses">
      <UniqueIdentifier>{dec0ca77-db19-43ed-a287-6f83d976bccf}</UniqueIdentifier>
    </Filter>
    <Filter Include="common\structs">
      <UniqueIdentifier>{c89c1291-4a67-4ec1-aa7b-f25b00747560}</UniqueIdentifier>
    </Filter>
    <Filter Include="ui">
      <UniqueIdentifier>{190ca2e2-ade7-4eac-9917-ccd2c99e8ab1}</UniqueIdentifier>
    </Filter>
  </ItemGroup>
  <ItemGroup>
    <ClCompile Include="..\..\libs\imgui\imgui.cpp">
      <Filter>imgui</Filter>
    </ClCompile>
    <ClCompile Include="..\..\libs\imgui\imgui_draw.cpp">
      <Filter>imgui</Filter>
    </ClCompile>
    <ClCompile Include="..\..\libs\imgui\imgui_tables.cpp">
      <Filter>imgui</Filter>
    </ClCompile>
    <ClCompile Include="..\..\libs\imgui\imgui_widgets.cpp">
      <Filter>imgui</Filter>
    </ClCompile>
    <ClCompile Include="..\..\libs\imgui\backends\imgui_impl_dx12.cpp">
      <Filter>imgui</Filter>
    </ClCompile>
    <ClCompile Include="..\..\libs\imgui\backends\imgui_impl_win32.cpp">
      <Filter>imgui</Filter>
    </ClCompile>
    <ClCompile Include="..\..\src\common\copypaste_obj.cpp">
      <Filter>common</Filter>
    </ClCompile>
    <ClCompile Include="..\..\src\common\string_manip.cpp">
      <Filter>common</Filter>
    </ClCompile>
    <ClCompile Include="..\..\src\items\Items.cpp">
      <Filter>items</Filter>
    </ClCompile>
    <ClCompile Include="..\..\src\levelups\Levelups.cpp">
      <Filter>levelups</Filter>
    </ClCompile>
    <ClCompile Include="..\..\src\maps\Maps.cpp">
      <Filter>maps</Filter>
    </ClCompile>
    <ClCompile Include="..\..\src\moves\ManaEggs.cpp">
      <Filter>moves</Filter>
    </ClCompile>
    <ClCompile Include="..\..\src\moves\Moves.cpp">
      <Filter>moves</Filter>
    </ClCompile>
    <ClCompile Include="..\..\src\moves\Specials.cpp">
      <Filter>moves</Filter>
    </ClCompile>
    <ClCompile Include="..\..\src\enemies\Enemies.cpp">
      <Filter>enemies</Filter>
    </ClCompile>
    <ClCompile Include="..\..\src\skills\SkillBooks.cpp">
      <Filter>skills</Filter>
    </ClCompile>
    <ClCompile Include="..\..\src\skills\Skills.cpp">
      <Filter>skills</Filter>
    </ClCompile>
    <ClCompile Include="..\..\src\stats\StartStats.cpp">
      <Filter>stats</Filter>
    </ClCompile>
    <ClCompile Include="..\..\src\ui\ImGuiInstance.cpp">
      <Filter>ui</Filter>
    </ClCompile>
    <ClCompile Include="..\..\src\bosses\Bosses.cpp">
      <Filter>bosses</Filter>
    </ClCompile>
    <ClCompile Include="..\..\src\main.cpp" />
  </ItemGroup>
  <ItemGroup>
    <ClInclude Include="..\..\libs\imgui\imconfig.h">
      <Filter>imgui</Filter>
    </ClInclude>
    <ClInclude Include="..\..\libs\imgui\imgui.h">
      <Filter>imgui</Filter>
    </ClInclude>
    <ClInclude Include="..\..\libs\imgui\imgui_internal.h">
      <Filter>imgui</Filter>
    </ClInclude>
    <ClInclude Include="..\..\libs\imgui\imstb_rectpack.h">
      <Filter>imgui</Filter>
    </ClInclude>
    <ClInclude Include="..\..\libs\imgui\imstb_textedit.h">
      <Filter>imgui</Filter>
    </ClInclude>
    <ClInclude Include="..\..\libs\imgui\imstb_truetype.h">
      <Filter>imgui</Filter>
    </ClInclude>
    <ClInclude Include="..\..\libs\imgui\backends\imgui_impl_dx12.h">
      <Filter>imgui</Filter>
    </ClInclude>
    <ClInclude Include="..\..\libs\imgui\backends\imgui_impl_win32.h">
      <Filter>imgui</Filter>
    </ClInclude>
    <ClInclude Include="..\..\src\common\structs\Vector2.h">
      <Filter>common\structs</Filter>
    </ClInclude>
    <ClInclude Include="..\..\src\common\structs\Vector3.h">
      <Filter>common\structs</Filter>
    </ClInclude>
    <ClInclude Include="..\..\src\common\BaseDataInterface.h">
      <Filter>common</Filter>
    </ClInclude>
    <ClInclude Include="..\..\src\common\copypaste_obj.h">
      <Filter>common</Filter>
    </ClInclude>
    <ClInclude Include="..\..\src\common\difficulty.h">
      <Filter>common</Filter>
    </ClInclude>
    <ClInclude Include="..\..\src\common\io_util.h">
      <Filter>common</Filter>
    </ClInclude>
    <ClInclude Include="..\..\src\common\JsonDefinitions.h">
      <Filter>common</Filter>
    </ClInclude>
    <ClInclude Include="..\..\src\common\string_manip.h">
      <Filter>common</Filter>
    </ClInclude>
    <ClInclude Include="..\..\src\common\version_check.h">
      <Filter>common</Filter>
    </ClInclude>
    <ClInclude Include="..\..\src\items\Item.h">
      <Filter>items</Filter>
    </ClInclude>
    <ClInclude Include="..\..\src\items\ItemEquipment.h">
      <Filter>items</Filter>
    </ClInclude>
    <ClInclude Include="..\..\src\items\Items.h">
      <Filter>items</Filter>
    </ClInclude>
    <ClInclude Include="..\..\src\items\ItemStats.h">
      <Filter>items</Filter>
    </ClInclude>
    <ClInclude Include="..\..\src\items\ItemUsable.h">
      <Filter>items</Filter>
    </ClInclude>
    <ClInclude Include="..\..\src\levelups\CharacterLevelups.h">
      <Filter>levelups</Filter>
    </ClInclude>
    <ClInclude Include="..\..\src\levelups\Levelups.h">
      <Filter>levelups</Filter>
    </ClInclude>
    <ClInclude Include="..\..\src\maps\EnemyGroup.h">
      <Filter>maps</Filter>
    </ClInclude>
    <ClInclude Include="..\..\src\maps\EnemyPosition.h">
      <Filter>maps</Filter>
    </ClInclude>
    <ClInclude Include="..\..\src\maps\Header.h">
      <Filter>maps</Filter>
    </ClInclude>
    <ClInclude Include="..\..\src\maps\HTA.h">
      <Filter>maps</Filter>
    </ClInclude>
    <ClInclude Include="..\..\src\maps\Icon.h">
      <Filter>maps</Filter>
    </ClInclude>
    <ClInclude Include="..\..\src\maps\Instance.h">
      <Filter>maps</Filter>
    </ClInclude>
    <ClInclude Include="..\..\src\maps\MapEntry.h">
      <Filter>maps</Filter>
    </ClInclude>
    <ClInclude Include="..\..\src\maps\Maps.h">
      <Filter>maps</Filter>
    </ClInclude>
    <ClInclude Include="..\..\src\maps\MOS.h">
      <Filter>maps</Filter>
    </ClInclude>
    <ClInclude Include="..\..\src\maps\Shop.h">
      <Filter>maps</Filter>
    </ClInclude>
    <ClInclude Include="..\..\src\moves\ManaEgg.h">
      <Filter>moves</Filter>
    </ClInclude>
    <ClInclude Include="..\..\src\moves\ManaEggs.h">
      <Filter>moves</Filter>
    </ClInclude>
    <ClInclude Include="..\..\src\moves\Move.h">
      <Filter>moves</Filter>
    </ClInclude>
    <ClInclude Include="..\..\src\moves\Moves.h">
      <Filter>moves</Filter>
    </ClInclude>
    <ClInclude Include="..\..\src\moves\Special.h">
      <Filter>moves</Filter>
    </ClInclude>
    <ClInclude Include="..\..\src\moves\Specials.h">
      <Filter>moves</Filter>
    </ClInclude>
    <ClInclude Include="..\..\src\enemies\Enemies.h">
      <Filter>enemies</Filter>
    </ClInclude>
    <ClInclude Include="..\..\src\enemies\Enemy.h">
      <Filter>enemies</Filter>
    </ClInclude>
    <ClInclude Include="..\..\src\enemies\EnemyAI.h">
      <Filter>enemies</Filter>
    </ClInclude>
    <ClInclude Include="..\..\src\enemies\EnemyMoves.h">
      <Filter>enemies</Filter>
    </ClInclude>
    <ClInclude Include="..\..\src\enemies\EnemyStats.h">
      <Filter>enemies</Filter>
    </ClInclude>
    <ClInclude Include="..\..\src\skills\Skill.h">
      <Filter>skills</Filter>
    </ClInclude>
    <ClInclude Include="..\..\src\skills\SkillBook.h">
      <Filter>skills</Filter>
    </ClInclude>
    <ClInclude Include="..\..\src\skills\SkillBooks.h">
      <Filter>skills</Filter>
    </ClInclude>
    <ClInclude Include="..\..\src\skills\Skills.h">
      <Filter>skills</Filter>
    </ClInclude>
    <ClInclude Include="..\..\src\stats\CharacterStartStats.h">
      <Filter>stats</Filter>
    </ClInclude>
    <ClInclude Include="..\..\src\stats\StartStats.h">
      <Filter>stats</Filter>
    </ClInclude>
    <ClInclude Include="..\..\src\ui\imgui_wrappers.h">
      <Filter>ui</Filter>
    </ClInclude>
    <ClInclude Include="..\..\src\ui\ImGuiInstance.h">
      <Filter>ui</Filter>
    </ClInclude>
    <ClInclude Include="..\..\src\bosses\Boss.h">
      <Filter>bosses</Filter>
    </ClInclude>
    <ClInclude Include="..\..\src\bosses\Bosses.h">
      <Filter>bosses</Filter>
    </ClInclude>
  </ItemGroup>
  <ItemGroup>
    <ResourceCompile Include="G2DataGUI.rc">
      <Filter>Resource Files</Filter>
    </ResourceCompile>
  </ItemGroup>
  <ItemGroup>
    <Image Include="g2.ico">
      <Filter>Resource Files</Filter>
    </Image>
  </ItemGroup>
  <ItemGroup>
    <Text Include="..\..\docs\TB_SPCL_data.txt">
      <Filter>docs</Filter>
    </Text>
    <Text Include="..\..\docs\Data File Details.txt">
      <Filter>docs</Filter>
    </Text>
    <Text Include="..\..\docs\enemy_hard_compare.txt">
      <Filter>docs</Filter>
    </Text>
    <Text Include="..\..\docs\enemy_hard_normal_compare.txt">
      <Filter>docs</Filter>
    </Text>
    <Text Include="..\..\docs\enemycompare.txt">
      <Filter>docs</Filter>
    </Text>
    <Text Include="..\..\docs\eskills.txt">
      <Filter>docs</Filter>
    </Text>
    <Text Include="..\..\docs\ITEM_data.txt">
      <Filter>docs</Filter>
    </Text>
    <Text Include="..\..\docs\MapNames.txt">
      <Filter>docs</Filter>
    </Text>
    <Text Include="..\..\docs\MS_PARAM_data.txt">
      <Filter>docs</Filter>
    </Text>
    <Text Include="..\..\docs\nme list.txt">
      <Filter>docs</Filter>
    </Text>
    <Text Include="..\..\docs\PC_INIT_data.txt">
      <Filter>docs</Filter>
    </Text>
    <Text Include="..\..\docs\SK_PARAM_data.txt">
      <Filter>docs</Filter>
    </Text>
    <Text Include="..\..\docs\Special_Effects.txt">
      <Filter>docs</Filter>
    </Text>
    <Text Include="..\..\docs\TB_LVUP_data.txt">
      <Filter>docs</Filter>
    </Text>
    <Text Include="..\..\docs\TB_MAGIC_data.txt">
      <Filter>docs</Filter>
    </Text>
    <Text Include="..\..\docs\TB_SKILL_data.txt">
      <Filter>docs</Filter>
    </Text>
    <Text Include="..\..\docs\experimental\HTA_Map_transitions.txt">
      <Filter>docs\experimental</Filter>
    </Text>
    <Text Include="..\..\docs\experimental\MCS_data.txt">
      <Filter>docs\experimental</Filter>
    </Text>
    <Text Include="..\..\docs\experimental\script_data.txt">
      <Filter>docs\experimental</Filter>
    </Text>
  </ItemGroup>
  <ItemGroup>
    <None Include="..\..\docs\boss_hard.csv">
      <Filter>docs</Filter>
    </None>
    <None Include="..\..\docs\boss_normal.csv">
      <Filter>docs</Filter>
    </None>
    <None Include="..\..\docs\enemy_hard.csv">
      <Filter>docs</Filter>
    </None>
    <None Include="..\..\docs\enemy_normal.csv">
      <Filter>docs</Filter>
    </None>
    <None Include="..\..\definitions.json" />
  </ItemGroup>
</Project>