<?xml version="1.0" encoding="utf-8"?>
<Project ToolsVersion="4.0" xmlns="http://schemas.microsoft.com/developer/msbuild/2003">
  <ItemGroup>
    <Filter Include="Source Files">
      <UniqueIdentifier>{4FC737F1-C7A5-4376-A066-2A32D752A2FF}</UniqueIdentifier>
      <Extensions>cpp;c;cc;cxx;c++;cppm;ixx;def;odl;idl;hpj;bat;asm;asmx</Extensions>
    </Filter>
    <Filter Include="Header Files">
      <UniqueIdentifier>{93995380-89BD-4b04-88EB-625FBE52EBFB}</UniqueIdentifier>
      <Extensions>h;hh;hpp;hxx;h++;hm;inl;inc;ipp;xsd</Extensions>
    </Filter>
    <Filter Include="Resource Files">
      <UniqueIdentifier>{67DA6AB6-F800-4c08-8B7A-83BB121AAD01}</UniqueIdentifier>
      <Extensions>rc;ico;cur;bmp;dlg;rc2;rct;bin;rgs;gif;jpg;jpeg;jpe;resx;tiff;tif;png;wav;mfcribbon-ms</Extensions>
    </Filter>
    <Filter Include="imgui">
      <UniqueIdentifier>{d4353f09-fee3-45f2-9d4c-5cf7af574787}</UniqueIdentifier>
    </Filter>
    <Filter Include="docs">
      <UniqueIdentifier>{4d5bdad7-9915-494a-9f45-0d1eb7f3c15c}</UniqueIdentifier>
    </Filter>
    <Filter Include="docs\experimental">
      <UniqueIdentifier>{a752ae3c-64bd-4167-8e2b-b27ec8edf753}</UniqueIdentifier>
    </Filter>
  </ItemGroup>
  <ItemGroup>
    <ClCompile Include="..\..\src\EnemyStats_IO.cpp">
      <Filter>Source Files</Filter>
    </ClCompile>
    <ClCompile Include="..\..\src\Item_IO.cpp">
      <Filter>Source Files</Filter>
    </ClCompile>
    <ClCompile Include="..\..\src\main.cpp">
      <Filter>Source Files</Filter>
    </ClCompile>
    <ClCompile Include="..\..\src\ManaEgg_IO.cpp">
      <Filter>Source Files</Filter>
    </ClCompile>
    <ClCompile Include="..\..\src\Mdt_IO.cpp">
      <Filter>Source Files</Filter>
    </ClCompile>
    <ClCompile Include="..\..\src\Model_IO.cpp">
      <Filter>Source Files</Filter>
    </ClCompile>
    <ClCompile Include="..\..\src\Move_IO.cpp">
      <Filter>Source Files</Filter>
    </ClCompile>
    <ClCompile Include="..\..\src\Skill_IO.cpp">
      <Filter>Source Files</Filter>
    </ClCompile>
    <ClCompile Include="..\..\src\SkillBook_IO.cpp">
      <Filter>Source Files</Filter>
    </ClCompile>
    <ClCompile Include="..\..\src\Special_IO.cpp">
      <Filter>Source Files</Filter>
    </ClCompile>
    <ClCompile Include="..\..\src\Start_IO.cpp">
      <Filter>Source Files</Filter>
    </ClCompile>
    <ClCompile Include="..\..\src\StringManip.cpp">
      <Filter>Source Files</Filter>
    </ClCompile>
    <ClCompile Include="..\..\libs\imgui\imgui.cpp">
      <Filter>imgui</Filter>
    </ClCompile>
    <ClCompile Include="..\..\libs\imgui\imgui_draw.cpp">
      <Filter>imgui</Filter>
    </ClCompile>
    <ClCompile Include="..\..\libs\imgui\imgui_tables.cpp">
      <Filter>imgui</Filter>
    </ClCompile>
    <ClCompile Include="..\..\libs\imgui\imgui_widgets.cpp">
      <Filter>imgui</Filter>
    </ClCompile>
    <ClCompile Include="..\..\libs\imgui\backends\imgui_impl_dx12.cpp">
      <Filter>imgui</Filter>
    </ClCompile>
    <ClCompile Include="..\..\libs\imgui\backends\imgui_impl_win32.cpp">
      <Filter>imgui</Filter>
    </ClCompile>
  </ItemGroup>
  <ItemGroup>
    <ClInclude Include="..\..\src\include\char_constants.h">
      <Filter>Header Files</Filter>
    </ClInclude>
    <ClInclude Include="..\..\src\include\EnemyStatsStruct.h">
      <Filter>Header Files</Filter>
    </ClInclude>
    <ClInclude Include="..\..\src\include\io_util.h">
      <Filter>Header Files</Filter>
    </ClInclude>
    <ClInclude Include="..\..\src\include\ItemStruct.h">
      <Filter>Header Files</Filter>
    </ClInclude>
    <ClInclude Include="..\..\src\include\ManaEggStruct.h">
      <Filter>Header Files</Filter>
    </ClInclude>
    <ClInclude Include="..\..\src\include\MdtStruct.h">
      <Filter>Header Files</Filter>
    </ClInclude>
    <ClInclude Include="..\..\src\include\ModelStruct.h">
      <Filter>Header Files</Filter>
    </ClInclude>
    <ClInclude Include="..\..\src\include\MoveStruct.h">
      <Filter>Header Files</Filter>
    </ClInclude>
    <ClInclude Include="..\..\src\include\SkillBookStruct.h">
      <Filter>Header Files</Filter>
    </ClInclude>
    <ClInclude Include="..\..\src\include\SkillStruct.h">
      <Filter>Header Files</Filter>
    </ClInclude>
    <ClInclude Include="..\..\src\include\SpecialMoveStruct.h">
      <Filter>Header Files</Filter>
    </ClInclude>
    <ClInclude Include="..\..\src\include\StartStats.h">
      <Filter>Header Files</Filter>
    </ClInclude>
    <ClInclude Include="..\..\src\include\StringManip.h">
      <Filter>Header Files</Filter>
    </ClInclude>
    <ClInclude Include="..\..\libs\imgui\imconfig.h">
      <Filter>imgui</Filter>
    </ClInclude>
    <ClInclude Include="..\..\libs\imgui\imgui.h">
      <Filter>imgui</Filter>
    </ClInclude>
    <ClInclude Include="..\..\libs\imgui\imgui_internal.h">
      <Filter>imgui</Filter>
    </ClInclude>
    <ClInclude Include="..\..\libs\imgui\imstb_rectpack.h">
      <Filter>imgui</Filter>
    </ClInclude>
    <ClInclude Include="..\..\libs\imgui\imstb_textedit.h">
      <Filter>imgui</Filter>
    </ClInclude>
    <ClInclude Include="..\..\libs\imgui\imstb_truetype.h">
      <Filter>imgui</Filter>
    </ClInclude>
    <ClInclude Include="..\..\libs\imgui\backends\imgui_impl_dx12.h">
      <Filter>imgui</Filter>
    </ClInclude>
    <ClInclude Include="..\..\libs\imgui\backends\imgui_impl_win32.h">
      <Filter>imgui</Filter>
    </ClInclude>
    <ClInclude Include="resource.h">
      <Filter>Header Files</Filter>
    </ClInclude>
  </ItemGroup>
  <ItemGroup>
    <ResourceCompile Include="G2DataGUI.rc">
      <Filter>Resource Files</Filter>
    </ResourceCompile>
  </ItemGroup>
  <ItemGroup>
    <Image Include="g2.ico">
      <Filter>Resource Files</Filter>
    </Image>
  </ItemGroup>
  <ItemGroup>
    <Text Include="..\..\docs\TB_SPCL_data.txt">
      <Filter>docs</Filter>
    </Text>
    <Text Include="..\..\docs\Data File Details.txt">
      <Filter>docs</Filter>
    </Text>
    <Text Include="..\..\docs\enemy_hard_compare.txt">
      <Filter>docs</Filter>
    </Text>
    <Text Include="..\..\docs\enemy_hard_normal_compare.txt">
      <Filter>docs</Filter>
    </Text>
    <Text Include="..\..\docs\enemycompare.txt">
      <Filter>docs</Filter>
    </Text>
    <Text Include="..\..\docs\eskills.txt">
      <Filter>docs</Filter>
    </Text>
    <Text Include="..\..\docs\ITEM_data.txt">
      <Filter>docs</Filter>
    </Text>
    <Text Include="..\..\docs\MapNames.txt">
      <Filter>docs</Filter>
    </Text>
    <Text Include="..\..\docs\MS_PARAM_data.txt">
      <Filter>docs</Filter>
    </Text>
    <Text Include="..\..\docs\nme list.txt">
      <Filter>docs</Filter>
    </Text>
    <Text Include="..\..\docs\PC_INIT_data.txt">
      <Filter>docs</Filter>
    </Text>
    <Text Include="..\..\docs\SK_PARAM_data.txt">
      <Filter>docs</Filter>
    </Text>
    <Text Include="..\..\docs\Special_Effects.txt">
      <Filter>docs</Filter>
    </Text>
    <Text Include="..\..\docs\TB_LVUP_data.txt">
      <Filter>docs</Filter>
    </Text>
    <Text Include="..\..\docs\TB_MAGIC_data.txt">
      <Filter>docs</Filter>
    </Text>
    <Text Include="..\..\docs\TB_SKILL_data.txt">
      <Filter>docs</Filter>
    </Text>
    <Text Include="..\..\docs\experimental\HTA_Map_transitions.txt">
      <Filter>docs\experimental</Filter>
    </Text>
    <Text Include="..\..\docs\experimental\MCS_data.txt">
      <Filter>docs\experimental</Filter>
    </Text>
    <Text Include="..\..\docs\experimental\script_data.txt">
      <Filter>docs\experimental</Filter>
    </Text>
  </ItemGroup>
  <ItemGroup>
    <None Include="..\..\docs\boss_hard.csv">
      <Filter>docs</Filter>
    </None>
    <None Include="..\..\docs\boss_normal.csv">
      <Filter>docs</Filter>
    </None>
    <None Include="..\..\docs\enemy_hard.csv">
      <Filter>docs</Filter>
    </None>
    <None Include="..\..\docs\enemy_normal.csv">
      <Filter>docs</Filter>
    </None>
  </ItemGroup>
</Project>